
Microsoft Visual Studio Solution File, Format Version 12.00
# Visual Studio Version 16
VisualStudioVersion = 16.0.29609.76
MinimumVisualStudioVersion = 10.0.40219.1
Project("{FAE04EC0-301F-11D3-BF4B-00C04F79EFBC}") = "Debugging", "Debugging.csproj", "{E4BA876C-9D1F-45A9-A94A-3FBDEE4EAFA4}"
EndProject
Global
	GlobalSection(SolutionConfigurationPlatforms) = preSolution
		Debug|Any CPU = Debug|Any CPU
		Release|Any CPU = Release|Any CPU
	EndGlobalSection
	GlobalSection(ProjectConfigurationPlatforms) = postSolution
		{E4BA876C-9D1F-45A9-A94A-3FBDEE4EAFA4}.Debug|Any CPU.ActiveCfg = Debug|Any CPU
		{E4BA876C-9D1F-45A9-A94A-3FBDEE4EAFA4}.Debug|Any CPU.Build.0 = Debug|Any CPU
		{E4BA876C-9D1F-45A9-A94A-3FBDEE4EAFA4}.Release|Any CPU.ActiveCfg = Release|Any CPU
		{E4BA876C-9D1F-45A9-A94A-3FBDEE4EAFA4}.Release|Any CPU.Build.0 = Release|Any CPU
	EndGlobalSection
	GlobalSection(SolutionProperties) = preSolution
		HideSolutionNode = FALSE
	EndGlobalSection
	GlobalSection(ExtensibilityGlobals) = postSolution
		SolutionGuid = {C422FD30-DFEA-496B-80FC-269C06E03EDB}
	EndGlobalSection
	GlobalSection(TextTemplating) = postSolution
		TextTemplating = 1
	EndGlobalSection
EndGlobal
